
Microsoft Visual Studio Solution File, Format Version 12.00
# Visual Studio Version 17
VisualStudioVersion = 17.0.32014.148
MinimumVisualStudioVersion = 10.0.40219.1
Project("{2150E333-8FDC-42A3-9474-1A3956D46DE8}") = "Services", "Services", "{CC45F487-9B0A-4DC6-9AF0-6D9550A9385E}"
EndProject
Project("{2150E333-8FDC-42A3-9474-1A3956D46DE8}") = "Catalog", "Catalog", "{1F334C32-0793-40FC-9CD3-59E8E21AAC61}"
EndProject
Project("{9A19103F-16F7-4668-BE54-9A1E7A4F7556}") = "Catalog.API", "Services\Catalog\Catalog.API\Catalog.API.csproj", "{45FFC4C7-8A46-4B2C-A2D3-4DF3910103C4}"
EndProject
Project("{E53339B2-1760-4266-BCC7-CA923CBCF16C}") = "docker-compose", "docker-compose.dcproj", "{C187F326-939B-4068-8082-0CE4EF090247}"
EndProject
Project("{2150E333-8FDC-42A3-9474-1A3956D46DE8}") = "Basket", "Basket", "{2D402C2E-D47E-4F7A-9084-75646A471634}"
EndProject
Project("{9A19103F-16F7-4668-BE54-9A1E7A4F7556}") = "Basket.API", "Services\Basket\Basket.API\Basket.API.csproj", "{44EBFF34-B527-4D80-A050-C1EF2D48A1A4}"
EndProject
Project("{2150E333-8FDC-42A3-9474-1A3956D46DE8}") = "Discount", "Discount", "{015DFA1B-CDBF-4A8C-B22E-AB4DC32D1C62}"
EndProject
Project("{9A19103F-16F7-4668-BE54-9A1E7A4F7556}") = "Discount.API", "Services\Discount\Discount.API\Discount.API.csproj", "{2BBD2AED-DB12-46BD-9016-EC97A3B20781}"
EndProject
Project("{9A19103F-16F7-4668-BE54-9A1E7A4F7556}") = "Discount.Grpc", "Services\Discount\Discount.Grpc\Discount.Grpc.csproj", "{868DF342-9513-4A18-8864-98FCEE42BA45}"
EndProject
Project("{2150E333-8FDC-42A3-9474-1A3956D46DE8}") = "Ordering", "Ordering", "{0D9446C9-2E91-4BFE-B84F-B8A123E0DD05}"
EndProject
Project("{FAE04EC0-301F-11D3-BF4B-00C04F79EFBC}") = "Ordering.API", "Services\Ordering\Ordering.API\Ordering.API.csproj", "{C5FB2D6F-02A1-438F-A77C-311D741A25CE}"
EndProject
Project("{FAE04EC0-301F-11D3-BF4B-00C04F79EFBC}") = "Ordering.Domain", "Services\Ordering\Ordering.Domain\Ordering.Domain.csproj", "{C249850A-3D82-44E5-8132-4FE8C922EA90}"
EndProject
Project("{FAE04EC0-301F-11D3-BF4B-00C04F79EFBC}") = "Ordering.Application", "Services\Ordering\Ordering.Application\Ordering.Application.csproj", "{6E91124B-A8C7-4FE4-B7B0-5501764C375E}"
EndProject
Project("{FAE04EC0-301F-11D3-BF4B-00C04F79EFBC}") = "Ordering.Infrastructure", "Services\Ordering\Ordering.Infrastructure\Ordering.Infrastructure.csproj", "{DEE4E428-54A7-4F82-A5DC-79A966E3CA19}"
EndProject
Global
	GlobalSection(SolutionConfigurationPlatforms) = preSolution
		Debug|Any CPU = Debug|Any CPU
		Release|Any CPU = Release|Any CPU
	EndGlobalSection
	GlobalSection(ProjectConfigurationPlatforms) = postSolution
		{45FFC4C7-8A46-4B2C-A2D3-4DF3910103C4}.Debug|Any CPU.ActiveCfg = Debug|Any CPU
		{45FFC4C7-8A46-4B2C-A2D3-4DF3910103C4}.Debug|Any CPU.Build.0 = Debug|Any CPU
		{45FFC4C7-8A46-4B2C-A2D3-4DF3910103C4}.Release|Any CPU.ActiveCfg = Release|Any CPU
		{45FFC4C7-8A46-4B2C-A2D3-4DF3910103C4}.Release|Any CPU.Build.0 = Release|Any CPU
		{C187F326-939B-4068-8082-0CE4EF090247}.Debug|Any CPU.ActiveCfg = Debug|Any CPU
		{C187F326-939B-4068-8082-0CE4EF090247}.Debug|Any CPU.Build.0 = Debug|Any CPU
		{C187F326-939B-4068-8082-0CE4EF090247}.Release|Any CPU.ActiveCfg = Release|Any CPU
		{C187F326-939B-4068-8082-0CE4EF090247}.Release|Any CPU.Build.0 = Release|Any CPU
		{44EBFF34-B527-4D80-A050-C1EF2D48A1A4}.Debug|Any CPU.ActiveCfg = Debug|Any CPU
		{44EBFF34-B527-4D80-A050-C1EF2D48A1A4}.Debug|Any CPU.Build.0 = Debug|Any CPU
		{44EBFF34-B527-4D80-A050-C1EF2D48A1A4}.Release|Any CPU.ActiveCfg = Release|Any CPU
		{44EBFF34-B527-4D80-A050-C1EF2D48A1A4}.Release|Any CPU.Build.0 = Release|Any CPU
		{2BBD2AED-DB12-46BD-9016-EC97A3B20781}.Debug|Any CPU.ActiveCfg = Debug|Any CPU
		{2BBD2AED-DB12-46BD-9016-EC97A3B20781}.Debug|Any CPU.Build.0 = Debug|Any CPU
		{2BBD2AED-DB12-46BD-9016-EC97A3B20781}.Release|Any CPU.ActiveCfg = Release|Any CPU
		{2BBD2AED-DB12-46BD-9016-EC97A3B20781}.Release|Any CPU.Build.0 = Release|Any CPU
		{868DF342-9513-4A18-8864-98FCEE42BA45}.Debug|Any CPU.ActiveCfg = Debug|Any CPU
		{868DF342-9513-4A18-8864-98FCEE42BA45}.Debug|Any CPU.Build.0 = Debug|Any CPU
		{868DF342-9513-4A18-8864-98FCEE42BA45}.Release|Any CPU.ActiveCfg = Release|Any CPU
		{868DF342-9513-4A18-8864-98FCEE42BA45}.Release|Any CPU.Build.0 = Release|Any CPU
		{C5FB2D6F-02A1-438F-A77C-311D741A25CE}.Debug|Any CPU.ActiveCfg = Debug|Any CPU
		{C5FB2D6F-02A1-438F-A77C-311D741A25CE}.Debug|Any CPU.Build.0 = Debug|Any CPU
		{C5FB2D6F-02A1-438F-A77C-311D741A25CE}.Release|Any CPU.ActiveCfg = Release|Any CPU
		{C5FB2D6F-02A1-438F-A77C-311D741A25CE}.Release|Any CPU.Build.0 = Release|Any CPU
		{C249850A-3D82-44E5-8132-4FE8C922EA90}.Debug|Any CPU.ActiveCfg = Debug|Any CPU
		{C249850A-3D82-44E5-8132-4FE8C922EA90}.Debug|Any CPU.Build.0 = Debug|Any CPU
		{C249850A-3D82-44E5-8132-4FE8C922EA90}.Release|Any CPU.ActiveCfg = Release|Any CPU
		{C249850A-3D82-44E5-8132-4FE8C922EA90}.Release|Any CPU.Build.0 = Release|Any CPU
		{6E91124B-A8C7-4FE4-B7B0-5501764C375E}.Debug|Any CPU.ActiveCfg = Debug|Any CPU
		{6E91124B-A8C7-4FE4-B7B0-5501764C375E}.Debug|Any CPU.Build.0 = Debug|Any CPU
		{6E91124B-A8C7-4FE4-B7B0-5501764C375E}.Release|Any CPU.ActiveCfg = Release|Any CPU
		{6E91124B-A8C7-4FE4-B7B0-5501764C375E}.Release|Any CPU.Build.0 = Release|Any CPU
		{DEE4E428-54A7-4F82-A5DC-79A966E3CA19}.Debug|Any CPU.ActiveCfg = Debug|Any CPU
		{DEE4E428-54A7-4F82-A5DC-79A966E3CA19}.Debug|Any CPU.Build.0 = Debug|Any CPU
		{DEE4E428-54A7-4F82-A5DC-79A966E3CA19}.Release|Any CPU.ActiveCfg = Release|Any CPU
		{DEE4E428-54A7-4F82-A5DC-79A966E3CA19}.Release|Any CPU.Build.0 = Release|Any CPU
	EndGlobalSection
	GlobalSection(SolutionProperties) = preSolution
		HideSolutionNode = FALSE
	EndGlobalSection
	GlobalSection(NestedProjects) = preSolution
		{1F334C32-0793-40FC-9CD3-59E8E21AAC61} = {CC45F487-9B0A-4DC6-9AF0-6D9550A9385E}
		{45FFC4C7-8A46-4B2C-A2D3-4DF3910103C4} = {1F334C32-0793-40FC-9CD3-59E8E21AAC61}
		{2D402C2E-D47E-4F7A-9084-75646A471634} = {CC45F487-9B0A-4DC6-9AF0-6D9550A9385E}
		{44EBFF34-B527-4D80-A050-C1EF2D48A1A4} = {2D402C2E-D47E-4F7A-9084-75646A471634}
		{015DFA1B-CDBF-4A8C-B22E-AB4DC32D1C62} = {CC45F487-9B0A-4DC6-9AF0-6D9550A9385E}
		{2BBD2AED-DB12-46BD-9016-EC97A3B20781} = {015DFA1B-CDBF-4A8C-B22E-AB4DC32D1C62}
		{868DF342-9513-4A18-8864-98FCEE42BA45} = {015DFA1B-CDBF-4A8C-B22E-AB4DC32D1C62}
		{0D9446C9-2E91-4BFE-B84F-B8A123E0DD05} = {CC45F487-9B0A-4DC6-9AF0-6D9550A9385E}
		{C5FB2D6F-02A1-438F-A77C-311D741A25CE} = {0D9446C9-2E91-4BFE-B84F-B8A123E0DD05}
		{C249850A-3D82-44E5-8132-4FE8C922EA90} = {0D9446C9-2E91-4BFE-B84F-B8A123E0DD05}
		{6E91124B-A8C7-4FE4-B7B0-5501764C375E} = {0D9446C9-2E91-4BFE-B84F-B8A123E0DD05}
		{DEE4E428-54A7-4F82-A5DC-79A966E3CA19} = {0D9446C9-2E91-4BFE-B84F-B8A123E0DD05}
	EndGlobalSection
	GlobalSection(ExtensibilityGlobals) = postSolution
		SolutionGuid = {AF23D0CC-9C10-4D10-90AE-5D6964B3BB37}
	EndGlobalSection
EndGlobal
